
Microsoft Visual Studio Solution File, Format Version 12.00
# Visual Studio Version 16
VisualStudioVersion = 16.0.31025.194
MinimumVisualStudioVersion = 10.0.40219.1
Project("{8BC9CEB8-8B4A-11D0-8D11-00A0C91BC942}") = "nes-emulator", "nes-emulator.vcxproj", "{253A6205-7CD6-44BC-B09E-CDAE7AFD359F}"
EndProject
Global
	GlobalSection(SolutionConfigurationPlatforms) = preSolution
		Debug|x64 = Debug|x64
		Debug|x86 = Debug|x86
		Release|x64 = Release|x64
		Release|x86 = Release|x86
	EndGlobalSection
	GlobalSection(ProjectConfigurationPlatforms) = postSolution
		{253A6205-7CD6-44BC-B09E-CDAE7AFD359F}.Debug|x64.ActiveCfg = Debug|x64
		{253A6205-7CD6-44BC-B09E-CDAE7AFD359F}.Debug|x64.Build.0 = Debug|x64
		{253A6205-7CD6-44BC-B09E-CDAE7AFD359F}.Debug|x86.ActiveCfg = Debug|Win32
		{253A6205-7CD6-44BC-B09E-CDAE7AFD359F}.Debug|x86.Build.0 = Debug|Win32
		{253A6205-7CD6-44BC-B09E-CDAE7AFD359F}.Release|x64.ActiveCfg = Release|x64
		{253A6205-7CD6-44BC-B09E-CDAE7AFD359F}.Release|x64.Build.0 = Release|x64
		{253A6205-7CD6-44BC-B09E-CDAE7AFD359F}.Release|x86.ActiveCfg = Release|Win32
		{253A6205-7CD6-44BC-B09E-CDAE7AFD359F}.Release|x86.Build.0 = Release|Win32
	EndGlobalSection
	GlobalSection(SolutionProperties) = preSolution
		HideSolutionNode = FALSE
	EndGlobalSection
	GlobalSection(ExtensibilityGlobals) = postSolution
		SolutionGuid = {E0AA626E-C90F-436F-91EB-B8957F33337C}
	EndGlobalSection
EndGlobal
